// !$*UTF8*$!
{
	archiveVersion = 1;
	classes = {
	};
	objectVersion = 60;
	objects = {

/* Begin PBXBuildFile section */
		681FB05B20EA92CA007B307B /* AcropolisMuseum.gpx in Resources */ = {isa = PBXBuildFile; fileRef = 681FB05A20EA92C9007B307B /* AcropolisMuseum.gpx */; };
		682ED1541F0B77240075F0DB /* Annotator.swift in Sources */ = {isa = PBXBuildFile; fileRef = 682ED14B1F0B77240075F0DB /* Annotator.swift */; };
		682ED1561F0B77240075F0DB /* LocationController.swift in Sources */ = {isa = PBXBuildFile; fileRef = 682ED14D1F0B77240075F0DB /* LocationController.swift */; };
		682ED1571F0B77240075F0DB /* Location.swift in Sources */ = {isa = PBXBuildFile; fileRef = 682ED14E1F0B77240075F0DB /* Location.swift */; };
		682ED1581F0B77240075F0DB /* RegionManager.swift in Sources */ = {isa = PBXBuildFile; fileRef = 682ED14F1F0B77240075F0DB /* RegionManager.swift */; };
		682ED1591F0B77240075F0DB /* mapVC.swift in Sources */ = {isa = PBXBuildFile; fileRef = 682ED1511F0B77240075F0DB /* mapVC.swift */; };
		682ED15B1F0B77240075F0DB /* optionsVC.swift in Sources */ = {isa = PBXBuildFile; fileRef = 682ED1531F0B77240075F0DB /* optionsVC.swift */; };
		683E1D8E23E0844A0096BBC7 /* AppleGeocoder.swift in Sources */ = {isa = PBXBuildFile; fileRef = 683E1D8D23E0844A0096BBC7 /* AppleGeocoder.swift */; };
		683E1D9023E084D30096BBC7 /* GoogleGeocoder.swift in Sources */ = {isa = PBXBuildFile; fileRef = 683E1D8F23E084D30096BBC7 /* GoogleGeocoder.swift */; };
		6858E0531F093364008FDFD7 /* AppDelegate.swift in Sources */ = {isa = PBXBuildFile; fileRef = 6858E0521F093364008FDFD7 /* AppDelegate.swift */; };
		6858E0581F093364008FDFD7 /* Main.storyboard in Resources */ = {isa = PBXBuildFile; fileRef = 6858E0561F093364008FDFD7 /* Main.storyboard */; };
		6858E05A1F093364008FDFD7 /* Assets.xcassets in Resources */ = {isa = PBXBuildFile; fileRef = 6858E0591F093364008FDFD7 /* Assets.xcassets */; };
		6858E05D1F093364008FDFD7 /* LaunchScreen.storyboard in Resources */ = {isa = PBXBuildFile; fileRef = 6858E05B1F093364008FDFD7 /* LaunchScreen.storyboard */; };
		6858E0661F0933A9008FDFD7 /* MapKit.framework in Frameworks */ = {isa = PBXBuildFile; fileRef = 6858E0651F0933A9008FDFD7 /* MapKit.framework */; };
		68CCE62C23E31DF500B5F2B4 /* AppPreferences.swift in Sources */ = {isa = PBXBuildFile; fileRef = 68CCE62B23E31DF500B5F2B4 /* AppPreferences.swift */; };
		E8402C9D2B49473A0031B76B /* BingResponse.swift in Sources */ = {isa = PBXBuildFile; fileRef = E8402C9C2B49473A0031B76B /* BingResponse.swift */; };
		E861D42F2B47F440001028CE /* Address.swift in Sources */ = {isa = PBXBuildFile; fileRef = E861D42E2B47F440001028CE /* Address.swift */; };
		E861D4332B47FF8A001028CE /* MALocationButton.swift in Sources */ = {isa = PBXBuildFile; fileRef = E861D4322B47FF8A001028CE /* MALocationButton.swift */; };
		E861D4352B480BEE001028CE /* MASegmentedControl.swift in Sources */ = {isa = PBXBuildFile; fileRef = E861D4342B480BEE001028CE /* MASegmentedControl.swift */; };
		E8D742122B4936C70062A2F7 /* BingGeocoder.swift in Sources */ = {isa = PBXBuildFile; fileRef = E8D742112B4936C70062A2F7 /* BingGeocoder.swift */; };
/* End PBXBuildFile section */

/* Begin PBXFileReference section */
		681FB05A20EA92C9007B307B /* AcropolisMuseum.gpx */ = {isa = PBXFileReference; fileEncoding = 4; lastKnownFileType = text.xml; path = AcropolisMuseum.gpx; sourceTree = "<group>"; };
		682ED14B1F0B77240075F0DB /* Annotator.swift */ = {isa = PBXFileReference; fileEncoding = 4; lastKnownFileType = sourcecode.swift; path = Annotator.swift; sourceTree = "<group>"; };
		682ED14D1F0B77240075F0DB /* LocationController.swift */ = {isa = PBXFileReference; fileEncoding = 4; lastKnownFileType = sourcecode.swift; path = LocationController.swift; sourceTree = "<group>"; };
		682ED14E1F0B77240075F0DB /* Location.swift */ = {isa = PBXFileReference; fileEncoding = 4; lastKnownFileType = sourcecode.swift; path = Location.swift; sourceTree = "<group>"; };
		682ED14F1F0B77240075F0DB /* RegionManager.swift */ = {isa = PBXFileReference; fileEncoding = 4; lastKnownFileType = sourcecode.swift; path = RegionManager.swift; sourceTree = "<group>"; };
		682ED1511F0B77240075F0DB /* mapVC.swift */ = {isa = PBXFileReference; fileEncoding = 4; lastKnownFileType = sourcecode.swift; path = mapVC.swift; sourceTree = "<group>"; };
		682ED1531F0B77240075F0DB /* optionsVC.swift */ = {isa = PBXFileReference; fileEncoding = 4; lastKnownFileType = sourcecode.swift; path = optionsVC.swift; sourceTree = "<group>"; };
		683E1D8D23E0844A0096BBC7 /* AppleGeocoder.swift */ = {isa = PBXFileReference; lastKnownFileType = sourcecode.swift; path = AppleGeocoder.swift; sourceTree = "<group>"; };
		683E1D8F23E084D30096BBC7 /* GoogleGeocoder.swift */ = {isa = PBXFileReference; lastKnownFileType = sourcecode.swift; path = GoogleGeocoder.swift; sourceTree = "<group>"; };
		6858E04F1F093364008FDFD7 /* maplysis-swift.app */ = {isa = PBXFileReference; explicitFileType = wrapper.application; includeInIndex = 0; path = "maplysis-swift.app"; sourceTree = BUILT_PRODUCTS_DIR; };
		6858E0521F093364008FDFD7 /* AppDelegate.swift */ = {isa = PBXFileReference; lastKnownFileType = sourcecode.swift; path = AppDelegate.swift; sourceTree = "<group>"; };
		6858E0571F093364008FDFD7 /* Base */ = {isa = PBXFileReference; lastKnownFileType = file.storyboard; name = Base; path = Base.lproj/Main.storyboard; sourceTree = "<group>"; };
		6858E0591F093364008FDFD7 /* Assets.xcassets */ = {isa = PBXFileReference; lastKnownFileType = folder.assetcatalog; path = Assets.xcassets; sourceTree = "<group>"; };
		6858E05C1F093364008FDFD7 /* Base */ = {isa = PBXFileReference; lastKnownFileType = file.storyboard; name = Base; path = Base.lproj/LaunchScreen.storyboard; sourceTree = "<group>"; };
		6858E05E1F093364008FDFD7 /* Info.plist */ = {isa = PBXFileReference; lastKnownFileType = text.plist.xml; path = Info.plist; sourceTree = "<group>"; };
		6858E0651F0933A9008FDFD7 /* MapKit.framework */ = {isa = PBXFileReference; lastKnownFileType = wrapper.framework; name = MapKit.framework; path = System/Library/Frameworks/MapKit.framework; sourceTree = SDKROOT; };
		68CCE62B23E31DF500B5F2B4 /* AppPreferences.swift */ = {isa = PBXFileReference; lastKnownFileType = sourcecode.swift; path = AppPreferences.swift; sourceTree = "<group>"; };
		E8402C9C2B49473A0031B76B /* BingResponse.swift */ = {isa = PBXFileReference; lastKnownFileType = sourcecode.swift; path = BingResponse.swift; sourceTree = "<group>"; };
		E861D42E2B47F440001028CE /* Address.swift */ = {isa = PBXFileReference; lastKnownFileType = sourcecode.swift; path = Address.swift; sourceTree = "<group>"; };
		E861D4322B47FF8A001028CE /* MALocationButton.swift */ = {isa = PBXFileReference; lastKnownFileType = sourcecode.swift; path = MALocationButton.swift; sourceTree = "<group>"; };
		E861D4342B480BEE001028CE /* MASegmentedControl.swift */ = {isa = PBXFileReference; lastKnownFileType = sourcecode.swift; path = MASegmentedControl.swift; sourceTree = "<group>"; };
		E8D742112B4936C70062A2F7 /* BingGeocoder.swift */ = {isa = PBXFileReference; lastKnownFileType = sourcecode.swift; path = BingGeocoder.swift; sourceTree = "<group>"; };
/* End PBXFileReference section */

/* Begin PBXFrameworksBuildPhase section */
		6858E04C1F093364008FDFD7 /* Frameworks */ = {
			isa = PBXFrameworksBuildPhase;
			buildActionMask = 2147483647;
			files = (
				6858E0661F0933A9008FDFD7 /* MapKit.framework in Frameworks */,
			);
			runOnlyForDeploymentPostprocessing = 0;
		};
/* End PBXFrameworksBuildPhase section */

/* Begin PBXGroup section */
		681FB05E20EA9329007B307B /* Geocoders */ = {
			isa = PBXGroup;
			children = (
				683E1D8D23E0844A0096BBC7 /* AppleGeocoder.swift */,
				683E1D8F23E084D30096BBC7 /* GoogleGeocoder.swift */,
				E8D742112B4936C70062A2F7 /* BingGeocoder.swift */,
			);
			path = Geocoders;
			sourceTree = "<group>";
		};
		682ED14A1F0B77240075F0DB /* Navigator */ = {
			isa = PBXGroup;
			children = (
				E861D42D2B47F42D001028CE /* Data */,
				E861D4302B47FAF4001028CE /* Controllers */,
			);
			path = Navigator;
			sourceTree = "<group>";
		};
		682ED1501F0B77240075F0DB /* Views */ = {
			isa = PBXGroup;
			children = (
				E861D4312B47FF6A001028CE /* Components */,
				E853762F27CF71A400522265 /* Storyboards */,
				682ED1511F0B77240075F0DB /* mapVC.swift */,
				682ED1531F0B77240075F0DB /* optionsVC.swift */,
			);
			path = Views;
			sourceTree = "<group>";
		};
		6858E0461F093364008FDFD7 = {
			isa = PBXGroup;
			children = (
				6858E0511F093364008FDFD7 /* maplysis-swift */,
				6858E0501F093364008FDFD7 /* Products */,
				6858E0641F0933A9008FDFD7 /* Frameworks */,
			);
			sourceTree = "<group>";
		};
		6858E0501F093364008FDFD7 /* Products */ = {
			isa = PBXGroup;
			children = (
				6858E04F1F093364008FDFD7 /* maplysis-swift.app */,
			);
			name = Products;
			sourceTree = "<group>";
		};
		6858E0511F093364008FDFD7 /* maplysis-swift */ = {
			isa = PBXGroup;
			children = (
				6858E0521F093364008FDFD7 /* AppDelegate.swift */,
				68CCE62B23E31DF500B5F2B4 /* AppPreferences.swift */,
				682ED14A1F0B77240075F0DB /* Navigator */,
				682ED1501F0B77240075F0DB /* Views */,
				6858E0591F093364008FDFD7 /* Assets.xcassets */,
				6858E05E1F093364008FDFD7 /* Info.plist */,
				681FB05A20EA92C9007B307B /* AcropolisMuseum.gpx */,
			);
			path = "maplysis-swift";
			sourceTree = "<group>";
		};
		6858E0641F0933A9008FDFD7 /* Frameworks */ = {
			isa = PBXGroup;
			children = (
				6858E0651F0933A9008FDFD7 /* MapKit.framework */,
			);
			name = Frameworks;
			sourceTree = "<group>";
		};
		E853762F27CF71A400522265 /* Storyboards */ = {
			isa = PBXGroup;
			children = (
				6858E0561F093364008FDFD7 /* Main.storyboard */,
				6858E05B1F093364008FDFD7 /* LaunchScreen.storyboard */,
			);
			path = Storyboards;
			sourceTree = "<group>";
		};
		E861D42D2B47F42D001028CE /* Data */ = {
			isa = PBXGroup;
			children = (
				682ED14E1F0B77240075F0DB /* Location.swift */,
				E861D42E2B47F440001028CE /* Address.swift */,
				E8402C9C2B49473A0031B76B /* BingResponse.swift */,
			);
			path = Data;
			sourceTree = "<group>";
		};
		E861D4302B47FAF4001028CE /* Controllers */ = {
			isa = PBXGroup;
			children = (
				681FB05E20EA9329007B307B /* Geocoders */,
				682ED14D1F0B77240075F0DB /* LocationController.swift */,
				682ED14F1F0B77240075F0DB /* RegionManager.swift */,
				682ED14B1F0B77240075F0DB /* Annotator.swift */,
			);
			path = Controllers;
			sourceTree = "<group>";
		};
		E861D4312B47FF6A001028CE /* Components */ = {
			isa = PBXGroup;
			children = (
				E861D4322B47FF8A001028CE /* MALocationButton.swift */,
				E861D4342B480BEE001028CE /* MASegmentedControl.swift */,
			);
			path = Components;
			sourceTree = "<group>";
		};
/* End PBXGroup section */

/* Begin PBXNativeTarget section */
		6858E04E1F093364008FDFD7 /* maplysis-swift */ = {
			isa = PBXNativeTarget;
			buildConfigurationList = 6858E0611F093364008FDFD7 /* Build configuration list for PBXNativeTarget "maplysis-swift" */;
			buildPhases = (
				6858E04B1F093364008FDFD7 /* Sources */,
				6858E04C1F093364008FDFD7 /* Frameworks */,
				6858E04D1F093364008FDFD7 /* Resources */,
			);
			buildRules = (
			);
			dependencies = (
			);
			name = "maplysis-swift";
			productName = "maplysis-swift";
			productReference = 6858E04F1F093364008FDFD7 /* maplysis-swift.app */;
			productType = "com.apple.product-type.application";
		};
/* End PBXNativeTarget section */

/* Begin PBXProject section */
		6858E0471F093364008FDFD7 /* Project object */ = {
			isa = PBXProject;
			attributes = {
				BuildIndependentTargetsInParallel = YES;
				LastSwiftUpdateCheck = 0830;
				LastUpgradeCheck = 1500;
				ORGANIZATIONNAME = cloudfields;
				TargetAttributes = {
					6858E04E1F093364008FDFD7 = {
						CreatedOnToolsVersion = 8.3.2;
						LastSwiftMigration = 1020;
						ProvisioningStyle = Automatic;
					};
				};
			};
			buildConfigurationList = 6858E04A1F093364008FDFD7 /* Build configuration list for PBXProject "maplysis-swift" */;
			compatibilityVersion = "Xcode 15.0";
			developmentRegion = en;
			hasScannedForEncodings = 0;
			knownRegions = (
				en,
				Base,
			);
			mainGroup = 6858E0461F093364008FDFD7;
			productRefGroup = 6858E0501F093364008FDFD7 /* Products */;
			projectDirPath = "";
			projectRoot = "";
			targets = (
				6858E04E1F093364008FDFD7 /* maplysis-swift */,
			);
		};
/* End PBXProject section */

/* Begin PBXResourcesBuildPhase section */
		6858E04D1F093364008FDFD7 /* Resources */ = {
			isa = PBXResourcesBuildPhase;
			buildActionMask = 2147483647;
			files = (
				6858E05D1F093364008FDFD7 /* LaunchScreen.storyboard in Resources */,
				6858E05A1F093364008FDFD7 /* Assets.xcassets in Resources */,
				6858E0581F093364008FDFD7 /* Main.storyboard in Resources */,
				681FB05B20EA92CA007B307B /* AcropolisMuseum.gpx in Resources */,
			);
			runOnlyForDeploymentPostprocessing = 0;
		};
/* End PBXResourcesBuildPhase section */

/* Begin PBXSourcesBuildPhase section */
		6858E04B1F093364008FDFD7 /* Sources */ = {
			isa = PBXSourcesBuildPhase;
			buildActionMask = 2147483647;
			files = (
				6858E0531F093364008FDFD7 /* AppDelegate.swift in Sources */,
				682ED1541F0B77240075F0DB /* Annotator.swift in Sources */,
				682ED1561F0B77240075F0DB /* LocationController.swift in Sources */,
				682ED1581F0B77240075F0DB /* RegionManager.swift in Sources */,
				E8402C9D2B49473A0031B76B /* BingResponse.swift in Sources */,
				683E1D8E23E0844A0096BBC7 /* AppleGeocoder.swift in Sources */,
				682ED1591F0B77240075F0DB /* mapVC.swift in Sources */,
				682ED1571F0B77240075F0DB /* Location.swift in Sources */,
				683E1D9023E084D30096BBC7 /* GoogleGeocoder.swift in Sources */,
				E861D4332B47FF8A001028CE /* MALocationButton.swift in Sources */,
				682ED15B1F0B77240075F0DB /* optionsVC.swift in Sources */,
				E861D42F2B47F440001028CE /* Address.swift in Sources */,
				E861D4352B480BEE001028CE /* MASegmentedControl.swift in Sources */,
				68CCE62C23E31DF500B5F2B4 /* AppPreferences.swift in Sources */,
				E8D742122B4936C70062A2F7 /* BingGeocoder.swift in Sources */,
			);
			runOnlyForDeploymentPostprocessing = 0;
		};
/* End PBXSourcesBuildPhase section */

/* Begin PBXVariantGroup section */
		6858E0561F093364008FDFD7 /* Main.storyboard */ = {
			isa = PBXVariantGroup;
			children = (
				6858E0571F093364008FDFD7 /* Base */,
			);
			name = Main.storyboard;
			sourceTree = "<group>";
		};
		6858E05B1F093364008FDFD7 /* LaunchScreen.storyboard */ = {
			isa = PBXVariantGroup;
			children = (
				6858E05C1F093364008FDFD7 /* Base */,
			);
			name = LaunchScreen.storyboard;
			sourceTree = "<group>";
		};
/* End PBXVariantGroup section */

/* Begin XCBuildConfiguration section */
		6858E05F1F093364008FDFD7 /* Debug */ = {
			isa = XCBuildConfiguration;
			buildSettings = {
				ALWAYS_SEARCH_USER_PATHS = NO;
				ASSETCATALOG_COMPILER_GENERATE_SWIFT_ASSET_SYMBOL_EXTENSIONS = YES;
				CLANG_ANALYZER_LOCALIZABILITY_NONLOCALIZED = YES;
				CLANG_ANALYZER_NONNULL = YES;
				CLANG_ANALYZER_NUMBER_OBJECT_CONVERSION = YES_AGGRESSIVE;
				CLANG_CXX_LANGUAGE_STANDARD = "gnu++0x";
				CLANG_CXX_LIBRARY = "libc++";
				CLANG_ENABLE_MODULES = YES;
				CLANG_ENABLE_OBJC_ARC = YES;
				CLANG_WARN_BLOCK_CAPTURE_AUTORELEASING = YES;
				CLANG_WARN_BOOL_CONVERSION = YES;
				CLANG_WARN_COMMA = YES;
				CLANG_WARN_CONSTANT_CONVERSION = YES;
				CLANG_WARN_DEPRECATED_OBJC_IMPLEMENTATIONS = YES;
				CLANG_WARN_DIRECT_OBJC_ISA_USAGE = YES_ERROR;
				CLANG_WARN_DOCUMENTATION_COMMENTS = YES;
				CLANG_WARN_EMPTY_BODY = YES;
				CLANG_WARN_ENUM_CONVERSION = YES;
				CLANG_WARN_INFINITE_RECURSION = YES;
				CLANG_WARN_INT_CONVERSION = YES;
				CLANG_WARN_NON_LITERAL_NULL_CONVERSION = YES;
				CLANG_WARN_OBJC_IMPLICIT_RETAIN_SELF = YES;
				CLANG_WARN_OBJC_LITERAL_CONVERSION = YES;
				CLANG_WARN_OBJC_ROOT_CLASS = YES_ERROR;
				CLANG_WARN_QUOTED_INCLUDE_IN_FRAMEWORK_HEADER = YES;
				CLANG_WARN_RANGE_LOOP_ANALYSIS = YES;
				CLANG_WARN_STRICT_PROTOTYPES = YES;
				CLANG_WARN_SUSPICIOUS_MOVE = YES;
				CLANG_WARN_UNREACHABLE_CODE = YES;
				CLANG_WARN__DUPLICATE_METHOD_MATCH = YES;
				"CODE_SIGN_IDENTITY[sdk=iphoneos*]" = "iPhone Developer";
				COPY_PHASE_STRIP = NO;
				DEBUG_INFORMATION_FORMAT = dwarf;
				ENABLE_STRICT_OBJC_MSGSEND = YES;
				ENABLE_TESTABILITY = YES;
				ENABLE_USER_SCRIPT_SANDBOXING = YES;
				GCC_C_LANGUAGE_STANDARD = gnu99;
				GCC_DYNAMIC_NO_PIC = NO;
				GCC_NO_COMMON_BLOCKS = YES;
				GCC_OPTIMIZATION_LEVEL = 0;
				GCC_PREPROCESSOR_DEFINITIONS = (
					"DEBUG=1",
					"$(inherited)",
				);
				GCC_WARN_64_TO_32_BIT_CONVERSION = YES;
				GCC_WARN_ABOUT_RETURN_TYPE = YES_ERROR;
				GCC_WARN_UNDECLARED_SELECTOR = YES;
				GCC_WARN_UNINITIALIZED_AUTOS = YES_AGGRESSIVE;
				GCC_WARN_UNUSED_FUNCTION = YES;
				GCC_WARN_UNUSED_VARIABLE = YES;
				IPHONEOS_DEPLOYMENT_TARGET = 15.0;
				MTL_ENABLE_DEBUG_INFO = YES;
				ONLY_ACTIVE_ARCH = YES;
				SDKROOT = iphoneos;
				SWIFT_ACTIVE_COMPILATION_CONDITIONS = DEBUG;
				SWIFT_OPTIMIZATION_LEVEL = "-Onone";
				SWIFT_VERSION = 5.0;
				TARGETED_DEVICE_FAMILY = "1,2";
			};
			name = Debug;
		};
		6858E0601F093364008FDFD7 /* Release */ = {
			isa = XCBuildConfiguration;
			buildSettings = {
				ALWAYS_SEARCH_USER_PATHS = NO;
				ASSETCATALOG_COMPILER_GENERATE_SWIFT_ASSET_SYMBOL_EXTENSIONS = YES;
				CLANG_ANALYZER_LOCALIZABILITY_NONLOCALIZED = YES;
				CLANG_ANALYZER_NONNULL = YES;
				CLANG_ANALYZER_NUMBER_OBJECT_CONVERSION = YES_AGGRESSIVE;
				CLANG_CXX_LANGUAGE_STANDARD = "gnu++0x";
				CLANG_CXX_LIBRARY = "libc++";
				CLANG_ENABLE_MODULES = YES;
				CLANG_ENABLE_OBJC_ARC = YES;
				CLANG_WARN_BLOCK_CAPTURE_AUTORELEASING = YES;
				CLANG_WARN_BOOL_CONVERSION = YES;
				CLANG_WARN_COMMA = YES;
				CLANG_WARN_CONSTANT_CONVERSION = YES;
				CLANG_WARN_DEPRECATED_OBJC_IMPLEMENTATIONS = YES;
				CLANG_WARN_DIRECT_OBJC_ISA_USAGE = YES_ERROR;
				CLANG_WARN_DOCUMENTATION_COMMENTS = YES;
				CLANG_WARN_EMPTY_BODY = YES;
				CLANG_WARN_ENUM_CONVERSION = YES;
				CLANG_WARN_INFINITE_RECURSION = YES;
				CLANG_WARN_INT_CONVERSION = YES;
				CLANG_WARN_NON_LITERAL_NULL_CONVERSION = YES;
				CLANG_WARN_OBJC_IMPLICIT_RETAIN_SELF = YES;
				CLANG_WARN_OBJC_LITERAL_CONVERSION = YES;
				CLANG_WARN_OBJC_ROOT_CLASS = YES_ERROR;
				CLANG_WARN_QUOTED_INCLUDE_IN_FRAMEWORK_HEADER = YES;
				CLANG_WARN_RANGE_LOOP_ANALYSIS = YES;
				CLANG_WARN_STRICT_PROTOTYPES = YES;
				CLANG_WARN_SUSPICIOUS_MOVE = YES;
				CLANG_WARN_UNREACHABLE_CODE = YES;
				CLANG_WARN__DUPLICATE_METHOD_MATCH = YES;
				"CODE_SIGN_IDENTITY[sdk=iphoneos*]" = "iPhone Developer";
				COPY_PHASE_STRIP = NO;
				DEBUG_INFORMATION_FORMAT = "dwarf-with-dsym";
				ENABLE_NS_ASSERTIONS = NO;
				ENABLE_STRICT_OBJC_MSGSEND = YES;
				ENABLE_USER_SCRIPT_SANDBOXING = YES;
				GCC_C_LANGUAGE_STANDARD = gnu99;
				GCC_NO_COMMON_BLOCKS = YES;
				GCC_WARN_64_TO_32_BIT_CONVERSION = YES;
				GCC_WARN_ABOUT_RETURN_TYPE = YES_ERROR;
				GCC_WARN_UNDECLARED_SELECTOR = YES;
				GCC_WARN_UNINITIALIZED_AUTOS = YES_AGGRESSIVE;
				GCC_WARN_UNUSED_FUNCTION = YES;
				GCC_WARN_UNUSED_VARIABLE = YES;
				IPHONEOS_DEPLOYMENT_TARGET = 15.0;
				MTL_ENABLE_DEBUG_INFO = NO;
				SDKROOT = iphoneos;
				SWIFT_COMPILATION_MODE = wholemodule;
				SWIFT_OPTIMIZATION_LEVEL = "-O";
				SWIFT_VERSION = 5.0;
				TARGETED_DEVICE_FAMILY = "1,2";
				VALIDATE_PRODUCT = YES;
			};
			name = Release;
		};
		6858E0621F093364008FDFD7 /* Debug */ = {
			isa = XCBuildConfiguration;
			buildSettings = {
				ASSETCATALOG_COMPILER_APPICON_NAME = AppIcon;
				CLANG_ENABLE_MODULES = YES;
				"CODE_SIGN_IDENTITY[sdk=iphoneos*]" = "iPhone Developer";
				CURRENT_PROJECT_VERSION = 6;
				DEVELOPMENT_TEAM = AFNBPBD3C5;
				INFOPLIST_FILE = "maplysis-swift/Info.plist";
				INFOPLIST_KEY_CFBundleDisplayName = Maplysis;
				IPHONEOS_DEPLOYMENT_TARGET = 15.0;
				LD_RUNPATH_SEARCH_PATHS = (
					"$(inherited)",
					"@executable_path/Frameworks",
				);
				MARKETING_VERSION = 0.1;
				PRODUCT_BUNDLE_IDENTIFIER = eu.clfd.maplysis;
				PRODUCT_NAME = "$(TARGET_NAME)";
				PROVISIONING_PROFILE_SPECIFIER = "";
				SUPPORTED_PLATFORMS = "iphoneos iphonesimulator";
				SUPPORTS_MACCATALYST = NO;
				SUPPORTS_MAC_DESIGNED_FOR_IPHONE_IPAD = NO;
				SUPPORTS_XR_DESIGNED_FOR_IPHONE_IPAD = NO;
				SWIFT_OPTIMIZATION_LEVEL = "-Onone";
				TARGETED_DEVICE_FAMILY = "1,2";
			};
			name = Debug;
		};
		6858E0631F093364008FDFD7 /* Release */ = {
			isa = XCBuildConfiguration;
			buildSettings = {
				ASSETCATALOG_COMPILER_APPICON_NAME = AppIcon;
				CLANG_ENABLE_MODULES = YES;
				"CODE_SIGN_IDENTITY[sdk=iphoneos*]" = "iPhone Developer";
				CURRENT_PROJECT_VERSION = 6;
				DEVELOPMENT_TEAM = AFNBPBD3C5;
				INFOPLIST_FILE = "maplysis-swift/Info.plist";
				INFOPLIST_KEY_CFBundleDisplayName = Maplysis;
				IPHONEOS_DEPLOYMENT_TARGET = 15.0;
				LD_RUNPATH_SEARCH_PATHS = (
					"$(inherited)",
					"@executable_path/Frameworks",
				);
				MARKETING_VERSION = 0.1;
				PRODUCT_BUNDLE_IDENTIFIER = eu.clfd.maplysis;
				PRODUCT_NAME = "$(TARGET_NAME)";
				PROVISIONING_PROFILE_SPECIFIER = "";
				SUPPORTED_PLATFORMS = "iphoneos iphonesimulator";
				SUPPORTS_MACCATALYST = NO;
				SUPPORTS_MAC_DESIGNED_FOR_IPHONE_IPAD = NO;
				SUPPORTS_XR_DESIGNED_FOR_IPHONE_IPAD = NO;
				TARGETED_DEVICE_FAMILY = "1,2";
			};
			name = Release;
		};
/* End XCBuildConfiguration section */

/* Begin XCConfigurationList section */
		6858E04A1F093364008FDFD7 /* Build configuration list for PBXProject "maplysis-swift" */ = {
			isa = XCConfigurationList;
			buildConfigurations = (
				6858E05F1F093364008FDFD7 /* Debug */,
				6858E0601F093364008FDFD7 /* Release */,
			);
			defaultConfigurationIsVisible = 0;
			defaultConfigurationName = Release;
		};
		6858E0611F093364008FDFD7 /* Build configuration list for PBXNativeTarget "maplysis-swift" */ = {
			isa = XCConfigurationList;
			buildConfigurations = (
				6858E0621F093364008FDFD7 /* Debug */,
				6858E0631F093364008FDFD7 /* Release */,
			);
			defaultConfigurationIsVisible = 0;
			defaultConfigurationName = Release;
		};
/* End XCConfigurationList section */
	};
	rootObject = 6858E0471F093364008FDFD7 /* Project object */;
}
